
Microsoft Visual Studio Solution File, Format Version 12.00
# Visual Studio 15
VisualStudioVersion = 15.0.27703.2018
MinimumVisualStudioVersion = 10.0.40219.1
Project("{FAE04EC0-301F-11D3-BF4B-00C04F79EFBC}") = "Rectangle", "Rectangle\Rectangle.csproj", "{976FBE24-369D-442A-B108-8DED26F4CD7A}"
EndProject
Global
	GlobalSection(SolutionConfigurationPlatforms) = preSolution
		Debug|Any CPU = Debug|Any CPU
		Release|Any CPU = Release|Any CPU
	EndGlobalSection
	GlobalSection(ProjectConfigurationPlatforms) = postSolution
		{976FBE24-369D-442A-B108-8DED26F4CD7A}.Debug|Any CPU.ActiveCfg = Debug|Any CPU
		{976FBE24-369D-442A-B108-8DED26F4CD7A}.Debug|Any CPU.Build.0 = Debug|Any CPU
		{976FBE24-369D-442A-B108-8DED26F4CD7A}.Release|Any CPU.ActiveCfg = Release|Any CPU
		{976FBE24-369D-442A-B108-8DED26F4CD7A}.Release|Any CPU.Build.0 = Release|Any CPU
	EndGlobalSection
	GlobalSection(SolutionProperties) = preSolution
		HideSolutionNode = FALSE
	EndGlobalSection
	GlobalSection(ExtensibilityGlobals) = postSolution
		SolutionGuid = {4717561B-5586-4CE6-A48E-FFB66E46DDA3}
	EndGlobalSection
EndGlobal
